
Microsoft Visual Studio Solution File, Format Version 12.00
# Visual Studio Version 16
VisualStudioVersion = 16.0.29905.134
MinimumVisualStudioVersion = 10.0.40219.1
Project("{9A19103F-16F7-4668-BE54-9A1E7A4F7556}") = "TempRule.MsTest", "TempRule.MsTest\TempRule.MsTest.csproj", "{7006FC2F-6298-45B0-8CED-791C59F6F44A}"
EndProject
Project("{9A19103F-16F7-4668-BE54-9A1E7A4F7556}") = "TempRule.Library", "TempRule.Library\TempRule.Library.csproj", "{79A6177C-1AA0-47CD-84ED-F8242DFD3FB2}"
EndProject
Project("{2150E333-8FDC-42A3-9474-1A3956D46DE8}") = "Solution Items", "Solution Items", "{A941DE8F-BB90-4FA6-B890-0698A6BC59B4}"
	ProjectSection(SolutionItems) = preProject
		.gitignore = .gitignore
	EndProjectSection
EndProject
Global
	GlobalSection(SolutionConfigurationPlatforms) = preSolution
		Debug|Any CPU = Debug|Any CPU
		Release|Any CPU = Release|Any CPU
	EndGlobalSection
	GlobalSection(ProjectConfigurationPlatforms) = postSolution
		{7006FC2F-6298-45B0-8CED-791C59F6F44A}.Debug|Any CPU.ActiveCfg = Debug|Any CPU
		{7006FC2F-6298-45B0-8CED-791C59F6F44A}.Debug|Any CPU.Build.0 = Debug|Any CPU
		{7006FC2F-6298-45B0-8CED-791C59F6F44A}.Release|Any CPU.ActiveCfg = Release|Any CPU
		{7006FC2F-6298-45B0-8CED-791C59F6F44A}.Release|Any CPU.Build.0 = Release|Any CPU
		{79A6177C-1AA0-47CD-84ED-F8242DFD3FB2}.Debug|Any CPU.ActiveCfg = Debug|Any CPU
		{79A6177C-1AA0-47CD-84ED-F8242DFD3FB2}.Debug|Any CPU.Build.0 = Debug|Any CPU
		{79A6177C-1AA0-47CD-84ED-F8242DFD3FB2}.Release|Any CPU.ActiveCfg = Release|Any CPU
		{79A6177C-1AA0-47CD-84ED-F8242DFD3FB2}.Release|Any CPU.Build.0 = Release|Any CPU
	EndGlobalSection
	GlobalSection(SolutionProperties) = preSolution
		HideSolutionNode = FALSE
	EndGlobalSection
	GlobalSection(ExtensibilityGlobals) = postSolution
		SolutionGuid = {7646F286-AA78-4984-BBB2-615DF08749C8}
	EndGlobalSection
EndGlobal
